# THIS IS AN AUTOGENERATED FILE. DO NOT EDIT THIS FILE DIRECTLY.
# yarn lockfile v1


"@types/node@^11.9.6":
  version "11.9.6"
  resolved "http://bnpm.byted.org/@types/node/download/@types/node-11.9.6.tgz#c632bbcc780a1349673a6e2e9b9dfa8c369d3c74"
  integrity sha1-xjK7zHgKE0lnOm4um536jDadPHQ=

tslib@^1.9.3:
  version "1.9.3"
  resolved "http://bnpm.byted.org/tslib/download/tslib-1.9.3.tgz#d7e4dd79245d85428c4d7e4822a79917954ca286"
  integrity sha1-1+TdeSRdhUKMTX5IIqeZF5VMooY=
